
Microsoft Visual Studio Solution File, Format Version 12.00
# Visual Studio 2013
VisualStudioVersion = 12.0.40629.0
MinimumVisualStudioVersion = 10.0.40219.1
Project("{FAE04EC0-301F-11D3-BF4B-00C04F79EFBC}") = "EntityFrameworkPlus.Models", "EntityFrameworkPlus.Models\EntityFrameworkPlus.Models.csproj", "{474F7AD8-CB09-4CD3-9384-006277058E79}"
EndProject
Project("{FAE04EC0-301F-11D3-BF4B-00C04F79EFBC}") = "EntityFrameworkPlus.Mappings", "EntityFrameworkPlus.Mappings\EntityFrameworkPlus.Mappings.csproj", "{242C36CF-4699-42FA-83CB-3C04EDF9835C}"
EndProject
Project("{FAE04EC0-301F-11D3-BF4B-00C04F79EFBC}") = "EntityFrameworkPlus.DbContext", "EntityFrameworkPlus.DbContext\EntityFrameworkPlus.DbContext.csproj", "{A4315F7B-A0B4-497E-8D11-611EF2B0FED0}"
EndProject
Project("{FAE04EC0-301F-11D3-BF4B-00C04F79EFBC}") = "EntityFrameworkPlus.Demo", "EntityFrameworkPlus.Demo\EntityFrameworkPlus.Demo.csproj", "{78FEEEF6-3800-4534-929F-04737BF5F565}"
EndProject
Project("{2150E333-8FDC-42A3-9474-1A3956D46DE8}") = "01.Demo", "01.Demo", "{C165CFF6-D145-4AD2-A66B-C5AEF51EE9C8}"
EndProject
Project("{2150E333-8FDC-42A3-9474-1A3956D46DE8}") = "02.DbContext", "02.DbContext", "{C1044CC1-E2ED-4A20-B6D2-415DE06EB695}"
EndProject
Project("{2150E333-8FDC-42A3-9474-1A3956D46DE8}") = "03.Model", "03.Model", "{9F4CF653-65F8-4723-B06F-F13EB9ECA23A}"
EndProject
Project("{FAE04EC0-301F-11D3-BF4B-00C04F79EFBC}") = "EntityFrameworkPlus.QueryFuture.Demo", "EntityFrameworkPlus.QueryFuture.Demo\EntityFrameworkPlus.QueryFuture.Demo.csproj", "{AC852E64-A2AB-442A-AE02-4332837D8271}"
EndProject
Project("{FAE04EC0-301F-11D3-BF4B-00C04F79EFBC}") = "EntityFrameworkPlus.QueryCache.Demo", "EntityFrameworkPlus.QueryCache.Demo\EntityFrameworkPlus.QueryCache.Demo.csproj", "{98B92A4B-80FD-4942-ACB7-F35D9FA78D92}"
EndProject
Project("{FAE04EC0-301F-11D3-BF4B-00C04F79EFBC}") = "EntityFrameworkPlus.BatchOperations.Demo", "EntityFrameworkPlus.BatchOperations.Demo\EntityFrameworkPlus.BatchOperations.Demo.csproj", "{FEFA36DE-177A-414B-A1D3-C5DA05C1012D}"
EndProject
Global
	GlobalSection(SolutionConfigurationPlatforms) = preSolution
		Debug|Any CPU = Debug|Any CPU
		Release|Any CPU = Release|Any CPU
	EndGlobalSection
	GlobalSection(ProjectConfigurationPlatforms) = postSolution
		{474F7AD8-CB09-4CD3-9384-006277058E79}.Debug|Any CPU.ActiveCfg = Debug|Any CPU
		{474F7AD8-CB09-4CD3-9384-006277058E79}.Debug|Any CPU.Build.0 = Debug|Any CPU
		{474F7AD8-CB09-4CD3-9384-006277058E79}.Release|Any CPU.ActiveCfg = Release|Any CPU
		{474F7AD8-CB09-4CD3-9384-006277058E79}.Release|Any CPU.Build.0 = Release|Any CPU
		{242C36CF-4699-42FA-83CB-3C04EDF9835C}.Debug|Any CPU.ActiveCfg = Debug|Any CPU
		{242C36CF-4699-42FA-83CB-3C04EDF9835C}.Debug|Any CPU.Build.0 = Debug|Any CPU
		{242C36CF-4699-42FA-83CB-3C04EDF9835C}.Release|Any CPU.ActiveCfg = Release|Any CPU
		{242C36CF-4699-42FA-83CB-3C04EDF9835C}.Release|Any CPU.Build.0 = Release|Any CPU
		{A4315F7B-A0B4-497E-8D11-611EF2B0FED0}.Debug|Any CPU.ActiveCfg = Debug|Any CPU
		{A4315F7B-A0B4-497E-8D11-611EF2B0FED0}.Debug|Any CPU.Build.0 = Debug|Any CPU
		{A4315F7B-A0B4-497E-8D11-611EF2B0FED0}.Release|Any CPU.ActiveCfg = Release|Any CPU
		{A4315F7B-A0B4-497E-8D11-611EF2B0FED0}.Release|Any CPU.Build.0 = Release|Any CPU
		{78FEEEF6-3800-4534-929F-04737BF5F565}.Debug|Any CPU.ActiveCfg = Debug|Any CPU
		{78FEEEF6-3800-4534-929F-04737BF5F565}.Debug|Any CPU.Build.0 = Debug|Any CPU
		{78FEEEF6-3800-4534-929F-04737BF5F565}.Release|Any CPU.ActiveCfg = Release|Any CPU
		{78FEEEF6-3800-4534-929F-04737BF5F565}.Release|Any CPU.Build.0 = Release|Any CPU
		{AC852E64-A2AB-442A-AE02-4332837D8271}.Debug|Any CPU.ActiveCfg = Debug|Any CPU
		{AC852E64-A2AB-442A-AE02-4332837D8271}.Debug|Any CPU.Build.0 = Debug|Any CPU
		{AC852E64-A2AB-442A-AE02-4332837D8271}.Release|Any CPU.ActiveCfg = Release|Any CPU
		{AC852E64-A2AB-442A-AE02-4332837D8271}.Release|Any CPU.Build.0 = Release|Any CPU
		{98B92A4B-80FD-4942-ACB7-F35D9FA78D92}.Debug|Any CPU.ActiveCfg = Debug|Any CPU
		{98B92A4B-80FD-4942-ACB7-F35D9FA78D92}.Debug|Any CPU.Build.0 = Debug|Any CPU
		{98B92A4B-80FD-4942-ACB7-F35D9FA78D92}.Release|Any CPU.ActiveCfg = Release|Any CPU
		{98B92A4B-80FD-4942-ACB7-F35D9FA78D92}.Release|Any CPU.Build.0 = Release|Any CPU
		{FEFA36DE-177A-414B-A1D3-C5DA05C1012D}.Debug|Any CPU.ActiveCfg = Debug|Any CPU
		{FEFA36DE-177A-414B-A1D3-C5DA05C1012D}.Debug|Any CPU.Build.0 = Debug|Any CPU
		{FEFA36DE-177A-414B-A1D3-C5DA05C1012D}.Release|Any CPU.ActiveCfg = Release|Any CPU
		{FEFA36DE-177A-414B-A1D3-C5DA05C1012D}.Release|Any CPU.Build.0 = Release|Any CPU
	EndGlobalSection
	GlobalSection(SolutionProperties) = preSolution
		HideSolutionNode = FALSE
	EndGlobalSection
	GlobalSection(NestedProjects) = preSolution
		{474F7AD8-CB09-4CD3-9384-006277058E79} = {9F4CF653-65F8-4723-B06F-F13EB9ECA23A}
		{242C36CF-4699-42FA-83CB-3C04EDF9835C} = {9F4CF653-65F8-4723-B06F-F13EB9ECA23A}
		{A4315F7B-A0B4-497E-8D11-611EF2B0FED0} = {C1044CC1-E2ED-4A20-B6D2-415DE06EB695}
		{78FEEEF6-3800-4534-929F-04737BF5F565} = {C165CFF6-D145-4AD2-A66B-C5AEF51EE9C8}
		{AC852E64-A2AB-442A-AE02-4332837D8271} = {C165CFF6-D145-4AD2-A66B-C5AEF51EE9C8}
		{98B92A4B-80FD-4942-ACB7-F35D9FA78D92} = {C165CFF6-D145-4AD2-A66B-C5AEF51EE9C8}
		{FEFA36DE-177A-414B-A1D3-C5DA05C1012D} = {C165CFF6-D145-4AD2-A66B-C5AEF51EE9C8}
	EndGlobalSection
EndGlobal
